
Microsoft Visual Studio Solution File, Format Version 12.00
# Visual Studio Version 16
VisualStudioVersion = 16.0.31025.194
MinimumVisualStudioVersion = 10.0.40219.1
Project("{FAE04EC0-301F-11D3-BF4B-00C04F79EFBC}") = "GroupProject", "GroupProject\GroupProject.csproj", "{1EB480B8-61A2-493B-9375-496010441EFE}"
EndProject
Global
	GlobalSection(SolutionConfigurationPlatforms) = preSolution
		Debug|Any CPU = Debug|Any CPU
		Release|Any CPU = Release|Any CPU
	EndGlobalSection
	GlobalSection(ProjectConfigurationPlatforms) = postSolution
		{1EB480B8-61A2-493B-9375-496010441EFE}.Debug|Any CPU.ActiveCfg = Debug|Any CPU
		{1EB480B8-61A2-493B-9375-496010441EFE}.Debug|Any CPU.Build.0 = Debug|Any CPU
		{1EB480B8-61A2-493B-9375-496010441EFE}.Release|Any CPU.ActiveCfg = Release|Any CPU
		{1EB480B8-61A2-493B-9375-496010441EFE}.Release|Any CPU.Build.0 = Release|Any CPU
	EndGlobalSection
	GlobalSection(SolutionProperties) = preSolution
		HideSolutionNode = FALSE
	EndGlobalSection
	GlobalSection(ExtensibilityGlobals) = postSolution
		SolutionGuid = {B118C844-C0A2-4D33-A938-5FAB51FA0EB4}
	EndGlobalSection
EndGlobal
